
Microsoft Visual Studio Solution File, Format Version 12.00
# Visual Studio Version 17
VisualStudioVersion = 17.8.34309.116
MinimumVisualStudioVersion = 10.0.40219.1
Project("{9A19103F-16F7-4668-BE54-9A1E7A4F7556}") = "ExtensionStrings", "ExtensionStrings\ExtensionStrings.csproj", "{A95B6169-308A-4226-BB30-02CB4BBA0580}"
EndProject
Project("{FAE04EC0-301F-11D3-BF4B-00C04F79EFBC}") = "ExtensionsLibrary", "ExtensionsLibrary\ExtensionsLibrary.csproj", "{DA7B4F86-B6C5-4F4B-8A68-569E0376B7CB}"
EndProject
Global
	GlobalSection(SolutionConfigurationPlatforms) = preSolution
		Debug|Any CPU = Debug|Any CPU
		Release|Any CPU = Release|Any CPU
	EndGlobalSection
	GlobalSection(ProjectConfigurationPlatforms) = postSolution
		{A95B6169-308A-4226-BB30-02CB4BBA0580}.Debug|Any CPU.ActiveCfg = Debug|Any CPU
		{A95B6169-308A-4226-BB30-02CB4BBA0580}.Debug|Any CPU.Build.0 = Debug|Any CPU
		{A95B6169-308A-4226-BB30-02CB4BBA0580}.Release|Any CPU.ActiveCfg = Release|Any CPU
		{A95B6169-308A-4226-BB30-02CB4BBA0580}.Release|Any CPU.Build.0 = Release|Any CPU
		{DA7B4F86-B6C5-4F4B-8A68-569E0376B7CB}.Debug|Any CPU.ActiveCfg = Debug|Any CPU
		{DA7B4F86-B6C5-4F4B-8A68-569E0376B7CB}.Debug|Any CPU.Build.0 = Debug|Any CPU
		{DA7B4F86-B6C5-4F4B-8A68-569E0376B7CB}.Release|Any CPU.ActiveCfg = Release|Any CPU
		{DA7B4F86-B6C5-4F4B-8A68-569E0376B7CB}.Release|Any CPU.Build.0 = Release|Any CPU
	EndGlobalSection
	GlobalSection(SolutionProperties) = preSolution
		HideSolutionNode = FALSE
	EndGlobalSection
	GlobalSection(ExtensibilityGlobals) = postSolution
		SolutionGuid = {C007BD50-AE51-47B8-AAEF-9DE7F34857C0}
	EndGlobalSection
EndGlobal
